{
  "name": "60_trpc",
  "version": "1.0.0",
  "lockfileVersion": 3,
  "requires": true,
  "packages": {
    "": {
      "name": "60_trpc",
      "version": "1.0.0",
      "license": "ISC",
      "dependencies": {
        "@trpc/client": "^11.1.0",
        "@trpc/server": "^11.1.0",
        "zod": "^3.24.2"
      }
    },
    "node_modules/@trpc/client": {
      "version": "11.1.0",
      "resolved": "https://registry.npmjs.org/@trpc/client/-/client-11.1.0.tgz",
      "integrity": "sha512-Q3pL4p7AddxI/ZJTEFo1utKSdasDFjZPECIPsKDkthEt52k530JkYVltTdLkYFKrNWXKKBo8MN7NwchelczoRw==",
      "funding": [
        "https://trpc.io/sponsor"
      ],
      "peerDependencies": {
        "@trpc/server": "11.1.0",
        "typescript": ">=5.7.2"
      }
    },
    "node_modules/@trpc/server": {
      "version": "11.1.0",
      "resolved": "https://registry.npmjs.org/@trpc/server/-/server-11.1.0.tgz",
      "integrity": "sha512-uAJ7ikejeujVkf53XFJ/0W8nr7bDjul+Szk5Rsepq97Hb/WS1RkRXdyX4KqAyCE9b1vDFCJVJwSxiIZdRtbTZQ==",
      "funding": [
        "https://trpc.io/sponsor"
      ],
      "peerDependencies": {
        "typescript": ">=5.7.2"
      }
    },
    "node_modules/typescript": {
      "version": "5.8.3",
      "resolved": "https://registry.npmjs.org/typescript/-/typescript-5.8.3.tgz",
      "integrity": "sha512-p1diW6TqL9L07nNxvRMM7hMMw4c5XOo/1ibL4aAIGmSAt9slTE1Xgw5KWuof2uTOvCg9BY7ZRi+GaF+7sfgPeQ==",
      "peer": true,
      "bin": {
        "tsc": "bin/tsc",
        "tsserver": "bin/tsserver"
      },
      "engines": {
        "node": ">=14.17"
      }
    },
    "node_modules/zod": {
      "version": "3.24.2",
      "resolved": "https://registry.npmjs.org/zod/-/zod-3.24.2.tgz",
      "integrity": "sha512-lY7CDW43ECgW9u1TcT3IoXHflywfVqDYze4waEz812jR/bZ8FHDsl7pFQoSZTz5N+2NqRXs8GBwnAwo3ZNxqhQ==",
      "funding": {
        "url": "https://github.com/sponsors/colinhacks"
      }
    }
  }
}
